
Microsoft Visual Studio Solution File, Format Version 12.00
# Visual Studio Version 17
VisualStudioVersion = 17.8.34601.278
MinimumVisualStudioVersion = 10.0.40219.1
Project("{2150E333-8FDC-42A3-9474-1A3956D46DE8}") = "src", "src", "{7E7F38AD-A9D1-481A-840B-BE2F6F704AE1}"
EndProject
Project("{2150E333-8FDC-42A3-9474-1A3956D46DE8}") = "BuildingBlocks", "BuildingBlocks", "{4E10296D-26E4-40C7-A537-482FB88303CE}"
EndProject
Project("{2150E333-8FDC-42A3-9474-1A3956D46DE8}") = "Common", "Common", "{9AE870BA-DE08-4F5D-A20A-438A83E0A3D5}"
EndProject
Project("{2150E333-8FDC-42A3-9474-1A3956D46DE8}") = "Microservices", "Microservices", "{8DD4CBFB-2137-4AAD-A797-C56AC5A5EC9D}"
EndProject
Project("{9A19103F-16F7-4668-BE54-9A1E7A4F7556}") = "GatewayRequestApi", "GatewayRequestApi\GatewayRequestApi.csproj", "{534F8462-E74C-43B1-8084-516B84D5FCEB}"
EndProject
Project("{9A19103F-16F7-4668-BE54-9A1E7A4F7556}") = "Message.Domain", "Message.Domain\Message.Domain.csproj", "{F519A236-9832-4C25-9F58-28ADCFA18E51}"
EndProject
Project("{9A19103F-16F7-4668-BE54-9A1E7A4F7556}") = "Message.Infrastructure", "Message.Infrastructure\Message.Infrastructure.csproj", "{593E6394-0DE6-421C-8C5F-6E2340D1A7A1}"
EndProject
Project("{E53339B2-1760-4266-BCC7-CA923CBCF16C}") = "docker-compose", "docker-compose.dcproj", "{C3A5B6DF-CC0A-4800-A7A5-BA9777A737F1}"
EndProject
Project("{9A19103F-16F7-4668-BE54-9A1E7A4F7556}") = "GatwayRequestApi.UnitTests", "GatwayRequestApi.UnitTests\GatwayRequestApi.UnitTests.csproj", "{490860C8-AC77-4718-865F-A211D3A3E1F7}"
EndProject
Project("{9A19103F-16F7-4668-BE54-9A1E7A4F7556}") = "GatewayRequestApi.FunctionalTests", "GatewayRequestApi.FunctionalTests\GatewayRequestApi.FunctionalTests.csproj", "{4E306780-15F5-4B48-8A52-286511E4F2B0}"
EndProject
Project("{9A19103F-16F7-4668-BE54-9A1E7A4F7556}") = "EventBus", "BuildingBlocks\EventBus\EventBus.csproj", "{CAD77B33-B745-415D-98AB-6A70EAB0C638}"
EndProject
Project("{9A19103F-16F7-4668-BE54-9A1E7A4F7556}") = "EventBusRabbitMQ", "BuildingBlocks\EventBusRabbitMQ\EventBusRabbitMQ.csproj", "{0B696402-15F3-4BE5-B090-87D60737B375}"
EndProject
Project("{9A19103F-16F7-4668-BE54-9A1E7A4F7556}") = "EventBusServiceBus", "BuildingBlocks\EventBusServiceBus\EventBusServiceBus.csproj", "{189694EF-5022-4092-AAE9-C9C02EC70713}"
EndProject
Project("{9A19103F-16F7-4668-BE54-9A1E7A4F7556}") = "IntegrationEventLogEF", "BuildingBlocks\IntegrationEventLogEF\IntegrationEventLogEF.csproj", "{59AB4DF6-E947-4EF3-9AB1-7FD117EB0A7B}"
EndProject
Project("{9A19103F-16F7-4668-BE54-9A1E7A4F7556}") = "Events.Common", "Common\Events.Common\Events.Common.csproj", "{B84A75EB-3338-481F-A693-BEB9832DAAD0}"
EndProject
Project("{9A19103F-16F7-4668-BE54-9A1E7A4F7556}") = "Services.Common", "Common\Services.Common\Services.Common.csproj", "{D9386BD5-7845-48A9-8637-E647345D1FD8}"
EndProject
Global
	GlobalSection(SolutionConfigurationPlatforms) = preSolution
		Debug|Any CPU = Debug|Any CPU
		Release|Any CPU = Release|Any CPU
	EndGlobalSection
	GlobalSection(ProjectConfigurationPlatforms) = postSolution
		{534F8462-E74C-43B1-8084-516B84D5FCEB}.Debug|Any CPU.ActiveCfg = Debug|Any CPU
		{534F8462-E74C-43B1-8084-516B84D5FCEB}.Debug|Any CPU.Build.0 = Debug|Any CPU
		{534F8462-E74C-43B1-8084-516B84D5FCEB}.Release|Any CPU.ActiveCfg = Release|Any CPU
		{534F8462-E74C-43B1-8084-516B84D5FCEB}.Release|Any CPU.Build.0 = Release|Any CPU
		{F519A236-9832-4C25-9F58-28ADCFA18E51}.Debug|Any CPU.ActiveCfg = Debug|Any CPU
		{F519A236-9832-4C25-9F58-28ADCFA18E51}.Debug|Any CPU.Build.0 = Debug|Any CPU
		{F519A236-9832-4C25-9F58-28ADCFA18E51}.Release|Any CPU.ActiveCfg = Release|Any CPU
		{F519A236-9832-4C25-9F58-28ADCFA18E51}.Release|Any CPU.Build.0 = Release|Any CPU
		{593E6394-0DE6-421C-8C5F-6E2340D1A7A1}.Debug|Any CPU.ActiveCfg = Debug|Any CPU
		{593E6394-0DE6-421C-8C5F-6E2340D1A7A1}.Debug|Any CPU.Build.0 = Debug|Any CPU
		{593E6394-0DE6-421C-8C5F-6E2340D1A7A1}.Release|Any CPU.ActiveCfg = Release|Any CPU
		{593E6394-0DE6-421C-8C5F-6E2340D1A7A1}.Release|Any CPU.Build.0 = Release|Any CPU
		{C3A5B6DF-CC0A-4800-A7A5-BA9777A737F1}.Debug|Any CPU.ActiveCfg = Debug|Any CPU
		{C3A5B6DF-CC0A-4800-A7A5-BA9777A737F1}.Debug|Any CPU.Build.0 = Debug|Any CPU
		{C3A5B6DF-CC0A-4800-A7A5-BA9777A737F1}.Release|Any CPU.ActiveCfg = Release|Any CPU
		{C3A5B6DF-CC0A-4800-A7A5-BA9777A737F1}.Release|Any CPU.Build.0 = Release|Any CPU
		{490860C8-AC77-4718-865F-A211D3A3E1F7}.Debug|Any CPU.ActiveCfg = Debug|Any CPU
		{490860C8-AC77-4718-865F-A211D3A3E1F7}.Debug|Any CPU.Build.0 = Debug|Any CPU
		{490860C8-AC77-4718-865F-A211D3A3E1F7}.Release|Any CPU.ActiveCfg = Release|Any CPU
		{490860C8-AC77-4718-865F-A211D3A3E1F7}.Release|Any CPU.Build.0 = Release|Any CPU
		{4E306780-15F5-4B48-8A52-286511E4F2B0}.Debug|Any CPU.ActiveCfg = Debug|Any CPU
		{4E306780-15F5-4B48-8A52-286511E4F2B0}.Debug|Any CPU.Build.0 = Debug|Any CPU
		{4E306780-15F5-4B48-8A52-286511E4F2B0}.Release|Any CPU.ActiveCfg = Release|Any CPU
		{4E306780-15F5-4B48-8A52-286511E4F2B0}.Release|Any CPU.Build.0 = Release|Any CPU
		{CAD77B33-B745-415D-98AB-6A70EAB0C638}.Debug|Any CPU.ActiveCfg = Debug|Any CPU
		{CAD77B33-B745-415D-98AB-6A70EAB0C638}.Debug|Any CPU.Build.0 = Debug|Any CPU
		{CAD77B33-B745-415D-98AB-6A70EAB0C638}.Release|Any CPU.ActiveCfg = Release|Any CPU
		{CAD77B33-B745-415D-98AB-6A70EAB0C638}.Release|Any CPU.Build.0 = Release|Any CPU
		{0B696402-15F3-4BE5-B090-87D60737B375}.Debug|Any CPU.ActiveCfg = Debug|Any CPU
		{0B696402-15F3-4BE5-B090-87D60737B375}.Debug|Any CPU.Build.0 = Debug|Any CPU
		{0B696402-15F3-4BE5-B090-87D60737B375}.Release|Any CPU.ActiveCfg = Release|Any CPU
		{0B696402-15F3-4BE5-B090-87D60737B375}.Release|Any CPU.Build.0 = Release|Any CPU
		{189694EF-5022-4092-AAE9-C9C02EC70713}.Debug|Any CPU.ActiveCfg = Debug|Any CPU
		{189694EF-5022-4092-AAE9-C9C02EC70713}.Debug|Any CPU.Build.0 = Debug|Any CPU
		{189694EF-5022-4092-AAE9-C9C02EC70713}.Release|Any CPU.ActiveCfg = Release|Any CPU
		{189694EF-5022-4092-AAE9-C9C02EC70713}.Release|Any CPU.Build.0 = Release|Any CPU
		{59AB4DF6-E947-4EF3-9AB1-7FD117EB0A7B}.Debug|Any CPU.ActiveCfg = Debug|Any CPU
		{59AB4DF6-E947-4EF3-9AB1-7FD117EB0A7B}.Debug|Any CPU.Build.0 = Debug|Any CPU
		{59AB4DF6-E947-4EF3-9AB1-7FD117EB0A7B}.Release|Any CPU.ActiveCfg = Release|Any CPU
		{59AB4DF6-E947-4EF3-9AB1-7FD117EB0A7B}.Release|Any CPU.Build.0 = Release|Any CPU
		{B84A75EB-3338-481F-A693-BEB9832DAAD0}.Debug|Any CPU.ActiveCfg = Debug|Any CPU
		{B84A75EB-3338-481F-A693-BEB9832DAAD0}.Debug|Any CPU.Build.0 = Debug|Any CPU
		{B84A75EB-3338-481F-A693-BEB9832DAAD0}.Release|Any CPU.ActiveCfg = Release|Any CPU
		{B84A75EB-3338-481F-A693-BEB9832DAAD0}.Release|Any CPU.Build.0 = Release|Any CPU
		{D9386BD5-7845-48A9-8637-E647345D1FD8}.Debug|Any CPU.ActiveCfg = Debug|Any CPU
		{D9386BD5-7845-48A9-8637-E647345D1FD8}.Debug|Any CPU.Build.0 = Debug|Any CPU
		{D9386BD5-7845-48A9-8637-E647345D1FD8}.Release|Any CPU.ActiveCfg = Release|Any CPU
		{D9386BD5-7845-48A9-8637-E647345D1FD8}.Release|Any CPU.Build.0 = Release|Any CPU
	EndGlobalSection
	GlobalSection(SolutionProperties) = preSolution
		HideSolutionNode = FALSE
	EndGlobalSection
	GlobalSection(NestedProjects) = preSolution
		{4E10296D-26E4-40C7-A537-482FB88303CE} = {7E7F38AD-A9D1-481A-840B-BE2F6F704AE1}
		{9AE870BA-DE08-4F5D-A20A-438A83E0A3D5} = {7E7F38AD-A9D1-481A-840B-BE2F6F704AE1}
		{8DD4CBFB-2137-4AAD-A797-C56AC5A5EC9D} = {7E7F38AD-A9D1-481A-840B-BE2F6F704AE1}
		{534F8462-E74C-43B1-8084-516B84D5FCEB} = {8DD4CBFB-2137-4AAD-A797-C56AC5A5EC9D}
		{F519A236-9832-4C25-9F58-28ADCFA18E51} = {8DD4CBFB-2137-4AAD-A797-C56AC5A5EC9D}
		{593E6394-0DE6-421C-8C5F-6E2340D1A7A1} = {8DD4CBFB-2137-4AAD-A797-C56AC5A5EC9D}
		{490860C8-AC77-4718-865F-A211D3A3E1F7} = {8DD4CBFB-2137-4AAD-A797-C56AC5A5EC9D}
		{4E306780-15F5-4B48-8A52-286511E4F2B0} = {8DD4CBFB-2137-4AAD-A797-C56AC5A5EC9D}
		{CAD77B33-B745-415D-98AB-6A70EAB0C638} = {4E10296D-26E4-40C7-A537-482FB88303CE}
		{0B696402-15F3-4BE5-B090-87D60737B375} = {4E10296D-26E4-40C7-A537-482FB88303CE}
		{189694EF-5022-4092-AAE9-C9C02EC70713} = {4E10296D-26E4-40C7-A537-482FB88303CE}
		{59AB4DF6-E947-4EF3-9AB1-7FD117EB0A7B} = {4E10296D-26E4-40C7-A537-482FB88303CE}
		{B84A75EB-3338-481F-A693-BEB9832DAAD0} = {9AE870BA-DE08-4F5D-A20A-438A83E0A3D5}
		{D9386BD5-7845-48A9-8637-E647345D1FD8} = {9AE870BA-DE08-4F5D-A20A-438A83E0A3D5}
	EndGlobalSection
	GlobalSection(ExtensibilityGlobals) = postSolution
		SolutionGuid = {274FEFA5-82C9-4663-9620-81BE40EFBF01}
	EndGlobalSection
EndGlobal
