
Microsoft Visual Studio Solution File, Format Version 12.00
# Visual Studio Version 17
VisualStudioVersion = 17.8.34601.278
MinimumVisualStudioVersion = 10.0.40219.1
Project("{2150E333-8FDC-42A3-9474-1A3956D46DE8}") = "src", "src", "{7E7F38AD-A9D1-481A-840B-BE2F6F704AE1}"
EndProject
Project("{2150E333-8FDC-42A3-9474-1A3956D46DE8}") = "BuildingBlocks", "BuildingBlocks", "{4E10296D-26E4-40C7-A537-482FB88303CE}"
EndProject
Project("{2150E333-8FDC-42A3-9474-1A3956D46DE8}") = "Common", "Common", "{9AE870BA-DE08-4F5D-A20A-438A83E0A3D5}"
EndProject
Project("{2150E333-8FDC-42A3-9474-1A3956D46DE8}") = "Microservices", "Microservices", "{8DD4CBFB-2137-4AAD-A797-C56AC5A5EC9D}"
EndProject
Project("{9A19103F-16F7-4668-BE54-9A1E7A4F7556}") = "GatewayRequestApi", "GatewayRequestApi\GatewayRequestApi.csproj", "{534F8462-E74C-43B1-8084-516B84D5FCEB}"
EndProject
Project("{9A19103F-16F7-4668-BE54-9A1E7A4F7556}") = "Message.Domain", "Message.Domain\Message.Domain.csproj", "{F519A236-9832-4C25-9F58-28ADCFA18E51}"
EndProject
Project("{9A19103F-16F7-4668-BE54-9A1E7A4F7556}") = "Message.Infrastructure", "Message.Infrastructure\Message.Infrastructure.csproj", "{593E6394-0DE6-421C-8C5F-6E2340D1A7A1}"
EndProject
Project("{E53339B2-1760-4266-BCC7-CA923CBCF16C}") = "docker-compose", "docker-compose.dcproj", "{C3A5B6DF-CC0A-4800-A7A5-BA9777A737F1}"
EndProject
Project("{9A19103F-16F7-4668-BE54-9A1E7A4F7556}") = "EventBus", "..\..\BuildingBlocks\EventBus\EventBus.csproj", "{FDF516AE-52BE-42F1-A5DB-C6B0A8BC0AF8}"
EndProject
Project("{9A19103F-16F7-4668-BE54-9A1E7A4F7556}") = "EventBusRabbitMQ", "..\..\BuildingBlocks\EventBusRabbitMQ\EventBusRabbitMQ.csproj", "{C39C2B31-8771-4671-AADC-102D131C387D}"
EndProject
Project("{9A19103F-16F7-4668-BE54-9A1E7A4F7556}") = "EventBusServiceBus", "..\..\BuildingBlocks\EventBusServiceBus\EventBusServiceBus.csproj", "{46F00350-CE0A-410E-BCFB-AC97B8BD358F}"
EndProject
Project("{9A19103F-16F7-4668-BE54-9A1E7A4F7556}") = "IntegrationEventLogEF", "..\..\BuildingBlocks\IntegrationEventLogEF\IntegrationEventLogEF.csproj", "{AE124D90-5E2B-4937-B106-58861CDBEA86}"
EndProject
Project("{9A19103F-16F7-4668-BE54-9A1E7A4F7556}") = "Events.Common", "..\..\Common\Events.Common\Events.Common.csproj", "{3963B03A-A2A7-4B30-8133-4D4724912F1B}"
EndProject
Project("{9A19103F-16F7-4668-BE54-9A1E7A4F7556}") = "Services.Common", "..\..\Common\Services.Common\Services.Common.csproj", "{DE9C6086-77EC-4E0D-BFE1-C2EFF4C53E05}"
EndProject
Project("{2150E333-8FDC-42A3-9474-1A3956D46DE8}") = "tests", "tests", "{CD5ED63B-7B2F-4B75-80B1-7BEFA153577E}"
EndProject
Project("{FAE04EC0-301F-11D3-BF4B-00C04F79EFBC}") = "GatwayRequestApi.UnitTests", "..\Tests\GatwayRequestApi.UnitTests\GatwayRequestApi.UnitTests.csproj", "{7E376169-EE8B-448E-825A-818502C86A1A}"
EndProject
Global
	GlobalSection(SolutionConfigurationPlatforms) = preSolution
		Debug|Any CPU = Debug|Any CPU
		Release|Any CPU = Release|Any CPU
	EndGlobalSection
	GlobalSection(ProjectConfigurationPlatforms) = postSolution
		{534F8462-E74C-43B1-8084-516B84D5FCEB}.Debug|Any CPU.ActiveCfg = Debug|Any CPU
		{534F8462-E74C-43B1-8084-516B84D5FCEB}.Debug|Any CPU.Build.0 = Debug|Any CPU
		{534F8462-E74C-43B1-8084-516B84D5FCEB}.Release|Any CPU.ActiveCfg = Release|Any CPU
		{534F8462-E74C-43B1-8084-516B84D5FCEB}.Release|Any CPU.Build.0 = Release|Any CPU
		{F519A236-9832-4C25-9F58-28ADCFA18E51}.Debug|Any CPU.ActiveCfg = Debug|Any CPU
		{F519A236-9832-4C25-9F58-28ADCFA18E51}.Debug|Any CPU.Build.0 = Debug|Any CPU
		{F519A236-9832-4C25-9F58-28ADCFA18E51}.Release|Any CPU.ActiveCfg = Release|Any CPU
		{F519A236-9832-4C25-9F58-28ADCFA18E51}.Release|Any CPU.Build.0 = Release|Any CPU
		{593E6394-0DE6-421C-8C5F-6E2340D1A7A1}.Debug|Any CPU.ActiveCfg = Debug|Any CPU
		{593E6394-0DE6-421C-8C5F-6E2340D1A7A1}.Debug|Any CPU.Build.0 = Debug|Any CPU
		{593E6394-0DE6-421C-8C5F-6E2340D1A7A1}.Release|Any CPU.ActiveCfg = Release|Any CPU
		{593E6394-0DE6-421C-8C5F-6E2340D1A7A1}.Release|Any CPU.Build.0 = Release|Any CPU
		{C3A5B6DF-CC0A-4800-A7A5-BA9777A737F1}.Debug|Any CPU.ActiveCfg = Debug|Any CPU
		{C3A5B6DF-CC0A-4800-A7A5-BA9777A737F1}.Debug|Any CPU.Build.0 = Debug|Any CPU
		{C3A5B6DF-CC0A-4800-A7A5-BA9777A737F1}.Release|Any CPU.ActiveCfg = Release|Any CPU
		{C3A5B6DF-CC0A-4800-A7A5-BA9777A737F1}.Release|Any CPU.Build.0 = Release|Any CPU
		{FDF516AE-52BE-42F1-A5DB-C6B0A8BC0AF8}.Debug|Any CPU.ActiveCfg = Debug|Any CPU
		{FDF516AE-52BE-42F1-A5DB-C6B0A8BC0AF8}.Debug|Any CPU.Build.0 = Debug|Any CPU
		{FDF516AE-52BE-42F1-A5DB-C6B0A8BC0AF8}.Release|Any CPU.ActiveCfg = Release|Any CPU
		{FDF516AE-52BE-42F1-A5DB-C6B0A8BC0AF8}.Release|Any CPU.Build.0 = Release|Any CPU
		{C39C2B31-8771-4671-AADC-102D131C387D}.Debug|Any CPU.ActiveCfg = Debug|Any CPU
		{C39C2B31-8771-4671-AADC-102D131C387D}.Debug|Any CPU.Build.0 = Debug|Any CPU
		{C39C2B31-8771-4671-AADC-102D131C387D}.Release|Any CPU.ActiveCfg = Release|Any CPU
		{C39C2B31-8771-4671-AADC-102D131C387D}.Release|Any CPU.Build.0 = Release|Any CPU
		{46F00350-CE0A-410E-BCFB-AC97B8BD358F}.Debug|Any CPU.ActiveCfg = Debug|Any CPU
		{46F00350-CE0A-410E-BCFB-AC97B8BD358F}.Debug|Any CPU.Build.0 = Debug|Any CPU
		{46F00350-CE0A-410E-BCFB-AC97B8BD358F}.Release|Any CPU.ActiveCfg = Release|Any CPU
		{46F00350-CE0A-410E-BCFB-AC97B8BD358F}.Release|Any CPU.Build.0 = Release|Any CPU
		{AE124D90-5E2B-4937-B106-58861CDBEA86}.Debug|Any CPU.ActiveCfg = Debug|Any CPU
		{AE124D90-5E2B-4937-B106-58861CDBEA86}.Debug|Any CPU.Build.0 = Debug|Any CPU
		{AE124D90-5E2B-4937-B106-58861CDBEA86}.Release|Any CPU.ActiveCfg = Release|Any CPU
		{AE124D90-5E2B-4937-B106-58861CDBEA86}.Release|Any CPU.Build.0 = Release|Any CPU
		{3963B03A-A2A7-4B30-8133-4D4724912F1B}.Debug|Any CPU.ActiveCfg = Debug|Any CPU
		{3963B03A-A2A7-4B30-8133-4D4724912F1B}.Debug|Any CPU.Build.0 = Debug|Any CPU
		{3963B03A-A2A7-4B30-8133-4D4724912F1B}.Release|Any CPU.ActiveCfg = Release|Any CPU
		{3963B03A-A2A7-4B30-8133-4D4724912F1B}.Release|Any CPU.Build.0 = Release|Any CPU
		{DE9C6086-77EC-4E0D-BFE1-C2EFF4C53E05}.Debug|Any CPU.ActiveCfg = Debug|Any CPU
		{DE9C6086-77EC-4E0D-BFE1-C2EFF4C53E05}.Debug|Any CPU.Build.0 = Debug|Any CPU
		{DE9C6086-77EC-4E0D-BFE1-C2EFF4C53E05}.Release|Any CPU.ActiveCfg = Release|Any CPU
		{DE9C6086-77EC-4E0D-BFE1-C2EFF4C53E05}.Release|Any CPU.Build.0 = Release|Any CPU
		{7E376169-EE8B-448E-825A-818502C86A1A}.Debug|Any CPU.ActiveCfg = Debug|Any CPU
		{7E376169-EE8B-448E-825A-818502C86A1A}.Debug|Any CPU.Build.0 = Debug|Any CPU
		{7E376169-EE8B-448E-825A-818502C86A1A}.Release|Any CPU.ActiveCfg = Release|Any CPU
		{7E376169-EE8B-448E-825A-818502C86A1A}.Release|Any CPU.Build.0 = Release|Any CPU
	EndGlobalSection
	GlobalSection(SolutionProperties) = preSolution
		HideSolutionNode = FALSE
	EndGlobalSection
	GlobalSection(NestedProjects) = preSolution
		{4E10296D-26E4-40C7-A537-482FB88303CE} = {7E7F38AD-A9D1-481A-840B-BE2F6F704AE1}
		{9AE870BA-DE08-4F5D-A20A-438A83E0A3D5} = {7E7F38AD-A9D1-481A-840B-BE2F6F704AE1}
		{8DD4CBFB-2137-4AAD-A797-C56AC5A5EC9D} = {7E7F38AD-A9D1-481A-840B-BE2F6F704AE1}
		{534F8462-E74C-43B1-8084-516B84D5FCEB} = {8DD4CBFB-2137-4AAD-A797-C56AC5A5EC9D}
		{F519A236-9832-4C25-9F58-28ADCFA18E51} = {8DD4CBFB-2137-4AAD-A797-C56AC5A5EC9D}
		{593E6394-0DE6-421C-8C5F-6E2340D1A7A1} = {8DD4CBFB-2137-4AAD-A797-C56AC5A5EC9D}
		{FDF516AE-52BE-42F1-A5DB-C6B0A8BC0AF8} = {4E10296D-26E4-40C7-A537-482FB88303CE}
		{C39C2B31-8771-4671-AADC-102D131C387D} = {4E10296D-26E4-40C7-A537-482FB88303CE}
		{46F00350-CE0A-410E-BCFB-AC97B8BD358F} = {4E10296D-26E4-40C7-A537-482FB88303CE}
		{AE124D90-5E2B-4937-B106-58861CDBEA86} = {4E10296D-26E4-40C7-A537-482FB88303CE}
		{3963B03A-A2A7-4B30-8133-4D4724912F1B} = {9AE870BA-DE08-4F5D-A20A-438A83E0A3D5}
		{DE9C6086-77EC-4E0D-BFE1-C2EFF4C53E05} = {9AE870BA-DE08-4F5D-A20A-438A83E0A3D5}
		{CD5ED63B-7B2F-4B75-80B1-7BEFA153577E} = {8DD4CBFB-2137-4AAD-A797-C56AC5A5EC9D}
		{7E376169-EE8B-448E-825A-818502C86A1A} = {CD5ED63B-7B2F-4B75-80B1-7BEFA153577E}
	EndGlobalSection
	GlobalSection(ExtensibilityGlobals) = postSolution
		SolutionGuid = {274FEFA5-82C9-4663-9620-81BE40EFBF01}
	EndGlobalSection
EndGlobal
